
Microsoft Visual Studio Solution File, Format Version 12.00
# Visual Studio Version 17
VisualStudioVersion = 17.8.34601.278
MinimumVisualStudioVersion = 10.0.40219.1
Project("{FAE04EC0-301F-11D3-BF4B-00C04F79EFBC}") = "CRUDPersonneRepository", "CRUDPersonneRepository\CRUDPersonneRepository.csproj", "{0797AC25-A192-4062-AEF9-25FBC9A93646}"
EndProject
Global
	GlobalSection(SolutionConfigurationPlatforms) = preSolution
		Debug|Any CPU = Debug|Any CPU
		Release|Any CPU = Release|Any CPU
	EndGlobalSection
	GlobalSection(ProjectConfigurationPlatforms) = postSolution
		{0797AC25-A192-4062-AEF9-25FBC9A93646}.Debug|Any CPU.ActiveCfg = Debug|Any CPU
		{0797AC25-A192-4062-AEF9-25FBC9A93646}.Debug|Any CPU.Build.0 = Debug|Any CPU
		{0797AC25-A192-4062-AEF9-25FBC9A93646}.Release|Any CPU.ActiveCfg = Release|Any CPU
		{0797AC25-A192-4062-AEF9-25FBC9A93646}.Release|Any CPU.Build.0 = Release|Any CPU
	EndGlobalSection
	GlobalSection(SolutionProperties) = preSolution
		HideSolutionNode = FALSE
	EndGlobalSection
	GlobalSection(ExtensibilityGlobals) = postSolution
		SolutionGuid = {84C26FD7-0AD8-425F-BD60-4B0083C52185}
	EndGlobalSection
EndGlobal
